Microsoft Visual Studio Solution File, Format Version 10.00
# Visual Studio 2008

Project("{01CA7919-29A6-A388-A282-3F4C07047B2D}") = "DSTest", "DSTest.csproj", "{B6CE09BA-0346-C147-EDB0-81A49121EAC7}"
EndProject
Global
	GlobalSection(SolutionConfigurationPlatforms) = preSolution
		Debug|Any CPU = Debug|Any CPU
		Release|Any CPU = Release|Any CPU
	EndGlobalSection
	GlobalSection(ProjectConfigurationPlatforms) = postSolution
		{B6CE09BA-0346-C147-EDB0-81A49121EAC7}.Debug|Any CPU.ActiveCfg = Debug|Any CPU
		{B6CE09BA-0346-C147-EDB0-81A49121EAC7}.Debug|Any CPU.Build.0 = Debug|Any CPU
		{B6CE09BA-0346-C147-EDB0-81A49121EAC7}.Release|Any CPU.ActiveCfg = Release|Any CPU
		{B6CE09BA-0346-C147-EDB0-81A49121EAC7}.Release|Any CPU.Build.0 = Release|Any CPU
	EndGlobalSection
	GlobalSection(SolutionProperties) = preSolution
		HideSolutionNode = FALSE
	EndGlobalSection
	
EndGlobal
