Microsoft Visual Studio Solution File, Format Version 11.00
# Visual Studio 2008

Project("{EC3080EC-BF93-D392-825A-829BF6D646D9}") = "Unity3DMetrics", "Assembly-CSharp.csproj", "{72169157-047E-5099-3EA9-4EBD829DC32F}"
EndProject
Global
	GlobalSection(SolutionConfigurationPlatforms) = preSolution
		Debug|Any CPU = Debug|Any CPU
		Release|Any CPU = Release|Any CPU
	EndGlobalSection
	GlobalSection(ProjectConfigurationPlatforms) = postSolution
		{72169157-047E-5099-3EA9-4EBD829DC32F}.Debug|Any CPU.ActiveCfg = Debug|Any CPU
		{72169157-047E-5099-3EA9-4EBD829DC32F}.Debug|Any CPU.Build.0 = Debug|Any CPU
		{72169157-047E-5099-3EA9-4EBD829DC32F}.Release|Any CPU.ActiveCfg = Release|Any CPU
		{72169157-047E-5099-3EA9-4EBD829DC32F}.Release|Any CPU.Build.0 = Release|Any CPU
	EndGlobalSection
	GlobalSection(SolutionProperties) = preSolution
		HideSolutionNode = FALSE
	EndGlobalSection
	
EndGlobal
